// !$*UTF8*$!
{
	archiveVersion = 1;
	classes = {
	};
	objectVersion = 50;
	objects = {

/* Begin PBXBuildFile section */
		35472296256EB99D00E245ED /* AppDelegate.swift in Sources */ = {isa = PBXBuildFile; fileRef = 35472295256EB99D00E245ED /* AppDelegate.swift */; };
		35472298256EB99D00E245ED /* SceneDelegate.swift in Sources */ = {isa = PBXBuildFile; fileRef = 35472297256EB99D00E245ED /* SceneDelegate.swift */; };
		3547229A256EB99D00E245ED /* ViewController.swift in Sources */ = {isa = PBXBuildFile; fileRef = 35472299256EB99D00E245ED /* ViewController.swift */; };
		3547229D256EB99D00E245ED /* Main.storyboard in Resources */ = {isa = PBXBuildFile; fileRef = 3547229B256EB99D00E245ED /* Main.storyboard */; };
		3547229F256EB9A500E245ED /* Assets.xcassets in Resources */ = {isa = PBXBuildFile; fileRef = 3547229E256EB9A500E245ED /* Assets.xcassets */; };
		354722A2256EB9A500E245ED /* LaunchScreen.storyboard in Resources */ = {isa = PBXBuildFile; fileRef = 354722A0256EB9A500E245ED /* LaunchScreen.storyboard */; };
		354722AB256EBCFE00E245ED /* Item.swift in Sources */ = {isa = PBXBuildFile; fileRef = 354722AA256EBCFE00E245ED /* Item.swift */; };
		74097A1A25868E1B00539AE1 /* productCell.swift in Sources */ = {isa = PBXBuildFile; fileRef = 74097A1925868E1B00539AE1 /* productCell.swift */; };
/* End PBXBuildFile section */

/* Begin PBXFileReference section */
		35472292256EB99D00E245ED /* SegmnetedProductsApp.app */ = {isa = PBXFileReference; explicitFileType = wrapper.application; includeInIndex = 0; path = SegmnetedProductsApp.app; sourceTree = BUILT_PRODUCTS_DIR; };
		35472295256EB99D00E245ED /* AppDelegate.swift */ = {isa = PBXFileReference; lastKnownFileType = sourcecode.swift; path = AppDelegate.swift; sourceTree = "<group>"; };
		35472297256EB99D00E245ED /* SceneDelegate.swift */ = {isa = PBXFileReference; lastKnownFileType = sourcecode.swift; path = SceneDelegate.swift; sourceTree = "<group>"; };
		35472299256EB99D00E245ED /* ViewController.swift */ = {isa = PBXFileReference; lastKnownFileType = sourcecode.swift; path = ViewController.swift; sourceTree = "<group>"; };
		3547229C256EB99D00E245ED /* Base */ = {isa = PBXFileReference; lastKnownFileType = file.storyboard; name = Base; path = Base.lproj/Main.storyboard; sourceTree = "<group>"; };
		3547229E256EB9A500E245ED /* Assets.xcassets */ = {isa = PBXFileReference; lastKnownFileType = folder.assetcatalog; path = Assets.xcassets; sourceTree = "<group>"; };
		354722A1256EB9A500E245ED /* Base */ = {isa = PBXFileReference; lastKnownFileType = file.storyboard; name = Base; path = Base.lproj/LaunchScreen.storyboard; sourceTree = "<group>"; };
		354722A3256EB9A500E245ED /* Info.plist */ = {isa = PBXFileReference; lastKnownFileType = text.plist.xml; path = Info.plist; sourceTree = "<group>"; };
		354722AA256EBCFE00E245ED /* Item.swift */ = {isa = PBXFileReference; lastKnownFileType = sourcecode.swift; path = Item.swift; sourceTree = "<group>"; };
		74097A1925868E1B00539AE1 /* productCell.swift */ = {isa = PBXFileReference; lastKnownFileType = sourcecode.swift; path = productCell.swift; sourceTree = "<group>"; };
/* End PBXFileReference section */

/* Begin PBXFrameworksBuildPhase section */
		3547228F256EB99D00E245ED /* Frameworks */ = {
			isa = PBXFrameworksBuildPhase;
			buildActionMask = 2147483647;
			files = (
			);
			runOnlyForDeploymentPostprocessing = 0;
		};
/* End PBXFrameworksBuildPhase section */

/* Begin PBXGroup section */
		35472289256EB99D00E245ED = {
			isa = PBXGroup;
			children = (
				35472294256EB99D00E245ED /* SegmnetedProductsApp */,
				35472293256EB99D00E245ED /* Products */,
			);
			sourceTree = "<group>";
		};
		35472293256EB99D00E245ED /* Products */ = {
			isa = PBXGroup;
			children = (
				35472292256EB99D00E245ED /* SegmnetedProductsApp.app */,
			);
			name = Products;
			sourceTree = "<group>";
		};
		35472294256EB99D00E245ED /* SegmnetedProductsApp */ = {
			isa = PBXGroup;
			children = (
				35472295256EB99D00E245ED /* AppDelegate.swift */,
				35472297256EB99D00E245ED /* SceneDelegate.swift */,
				35472299256EB99D00E245ED /* ViewController.swift */,
				3547229B256EB99D00E245ED /* Main.storyboard */,
				3547229E256EB9A500E245ED /* Assets.xcassets */,
				354722A0256EB9A500E245ED /* LaunchScreen.storyboard */,
				354722A3256EB9A500E245ED /* Info.plist */,
				354722AA256EBCFE00E245ED /* Item.swift */,
				74097A1925868E1B00539AE1 /* productCell.swift */,
			);
			path = SegmnetedProductsApp;
			sourceTree = "<group>";
		};
/* End PBXGroup section */

/* Begin PBXNativeTarget section */
		35472291256EB99D00E245ED /* SegmnetedProductsApp */ = {
			isa = PBXNativeTarget;
			buildConfigurationList = 354722A6256EB9A500E245ED /* Build configuration list for PBXNativeTarget "SegmnetedProductsApp" */;
			buildPhases = (
				3547228E256EB99D00E245ED /* Sources */,
				3547228F256EB99D00E245ED /* Frameworks */,
				35472290256EB99D00E245ED /* Resources */,
			);
			buildRules = (
			);
			dependencies = (
			);
			name = SegmnetedProductsApp;
			productName = SegmnetedProductsApp;
			productReference = 35472292256EB99D00E245ED /* SegmnetedProductsApp.app */;
			productType = "com.apple.product-type.application";
		};
/* End PBXNativeTarget section */

/* Begin PBXProject section */
		3547228A256EB99D00E245ED /* Project object */ = {
			isa = PBXProject;
			attributes = {
				LastSwiftUpdateCheck = 1220;
				LastUpgradeCheck = 1220;
				TargetAttributes = {
					35472291256EB99D00E245ED = {
						CreatedOnToolsVersion = 12.2;
					};
				};
			};
			buildConfigurationList = 3547228D256EB99D00E245ED /* Build configuration list for PBXProject "SegmnetedProductsApp" */;
			compatibilityVersion = "Xcode 9.3";
			developmentRegion = en;
			hasScannedForEncodings = 0;
			knownRegions = (
				en,
				Base,
			);
			mainGroup = 35472289256EB99D00E245ED;
			productRefGroup = 35472293256EB99D00E245ED /* Products */;
			projectDirPath = "";
			projectRoot = "";
			targets = (
				35472291256EB99D00E245ED /* SegmnetedProductsApp */,
			);
		};
/* End PBXProject section */

/* Begin PBXResourcesBuildPhase section */
		35472290256EB99D00E245ED /* Resources */ = {
			isa = PBXResourcesBuildPhase;
			buildActionMask = 2147483647;
			files = (
				354722A2256EB9A500E245ED /* LaunchScreen.storyboard in Resources */,
				3547229F256EB9A500E245ED /* Assets.xcassets in Resources */,
				3547229D256EB99D00E245ED /* Main.storyboard in Resources */,
			);
			runOnlyForDeploymentPostprocessing = 0;
		};
/* End PBXResourcesBuildPhase section */

/* Begin PBXSourcesBuildPhase section */
		3547228E256EB99D00E245ED /* Sources */ = {
			isa = PBXSourcesBuildPhase;
			buildActionMask = 2147483647;
			files = (
				354722AB256EBCFE00E245ED /* Item.swift in Sources */,
				3547229A256EB99D00E245ED /* ViewController.swift in Sources */,
				74097A1A25868E1B00539AE1 /* productCell.swift in Sources */,
				35472296256EB99D00E245ED /* AppDelegate.swift in Sources */,
				35472298256EB99D00E245ED /* SceneDelegate.swift in Sources */,
			);
			runOnlyForDeploymentPostprocessing = 0;
		};
/* End PBXSourcesBuildPhase section */

/* Begin PBXVariantGroup section */
		3547229B256EB99D00E245ED /* Main.storyboard */ = {
			isa = PBXVariantGroup;
			children = (
				3547229C256EB99D00E245ED /* Base */,
			);
			name = Main.storyboard;
			sourceTree = "<group>";
		};
		354722A0256EB9A500E245ED /* LaunchScreen.storyboard */ = {
			isa = PBXVariantGroup;
			children = (
				354722A1256EB9A500E245ED /* Base */,
			);
			name = LaunchScreen.storyboard;
			sourceTree = "<group>";
		};
/* End PBXVariantGroup section */

/* Begin XCBuildConfiguration section */
		354722A4256EB9A500E245ED /* Debug */ = {
			isa = XCBuildConfiguration;
			buildSettings = {
				ALWAYS_SEARCH_USER_PATHS = NO;
				CLANG_ANALYZER_NONNULL = YES;
				CLANG_ANALYZER_NUMBER_OBJECT_CONVERSION = YES_AGGRESSIVE;
				CLANG_CXX_LANGUAGE_STANDARD = "gnu++14";
				CLANG_CXX_LIBRARY = "libc++";
				CLANG_ENABLE_MODULES = YES;
				CLANG_ENABLE_OBJC_ARC = YES;
				CLANG_ENABLE_OBJC_WEAK = YES;
				CLANG_WARN_BLOCK_CAPTURE_AUTORELEASING = YES;
				CLANG_WARN_BOOL_CONVERSION = YES;
				CLANG_WARN_COMMA = YES;
				CLANG_WARN_CONSTANT_CONVERSION = YES;
				CLANG_WARN_DEPRECATED_OBJC_IMPLEMENTATIONS = YES;
				CLANG_WARN_DIRECT_OBJC_ISA_USAGE = YES_ERROR;
				CLANG_WARN_DOCUMENTATION_COMMENTS = YES;
				CLANG_WARN_EMPTY_BODY = YES;
				CLANG_WARN_ENUM_CONVERSION = YES;
				CLANG_WARN_INFINITE_RECURSION = YES;
				CLANG_WARN_INT_CONVERSION = YES;
				CLANG_WARN_NON_LITERAL_NULL_CONVERSION = YES;
				CLANG_WARN_OBJC_IMPLICIT_RETAIN_SELF = YES;
				CLANG_WARN_OBJC_LITERAL_CONVERSION = YES;
				CLANG_WARN_OBJC_ROOT_CLASS = YES_ERROR;
				CLANG_WARN_QUOTED_INCLUDE_IN_FRAMEWORK_HEADER = YES;
				CLANG_WARN_RANGE_LOOP_ANALYSIS = YES;
				CLANG_WARN_STRICT_PROTOTYPES = YES;
				CLANG_WARN_SUSPICIOUS_MOVE = YES;
				CLANG_WARN_UNGUARDED_AVAILABILITY = YES_AGGRESSIVE;
				CLANG_WARN_UNREACHABLE_CODE = YES;
				CLANG_WARN__DUPLICATE_METHOD_MATCH = YES;
				COPY_PHASE_STRIP = NO;
				DEBUG_INFORMATION_FORMAT = dwarf;
				ENABLE_STRICT_OBJC_MSGSEND = YES;
				ENABLE_TESTABILITY = YES;
				GCC_C_LANGUAGE_STANDARD = gnu11;
				GCC_DYNAMIC_NO_PIC = NO;
				GCC_NO_COMMON_BLOCKS = YES;
				GCC_OPTIMIZATION_LEVEL = 0;
				GCC_PREPROCESSOR_DEFINITIONS = (
					"DEBUG=1",
					"$(inherited)",
				);
				GCC_WARN_64_TO_32_BIT_CONVERSION = YES;
				GCC_WARN_ABOUT_RETURN_TYPE = YES_ERROR;
				GCC_WARN_UNDECLARED_SELECTOR = YES;
				GCC_WARN_UNINITIALIZED_AUTOS = YES_AGGRESSIVE;
				GCC_WARN_UNUSED_FUNCTION = YES;
				GCC_WARN_UNUSED_VARIABLE = YES;
				IPHONEOS_DEPLOYMENT_TARGET = 13.4;
				MTL_ENABLE_DEBUG_INFO = INCLUDE_SOURCE;
				MTL_FAST_MATH = YES;
				ONLY_ACTIVE_ARCH = YES;
				SDKROOT = iphoneos;
				SWIFT_ACTIVE_COMPILATION_CONDITIONS = DEBUG;
				SWIFT_OPTIMIZATION_LEVEL = "-Onone";
			};
			name = Debug;
		};
		354722A5256EB9A500E245ED /* Release */ = {
			isa = XCBuildConfiguration;
			buildSettings = {
				ALWAYS_SEARCH_USER_PATHS = NO;
				CLANG_ANALYZER_NONNULL = YES;
				CLANG_ANALYZER_NUMBER_OBJECT_CONVERSION = YES_AGGRESSIVE;
				CLANG_CXX_LANGUAGE_STANDARD = "gnu++14";
				CLANG_CXX_LIBRARY = "libc++";
				CLANG_ENABLE_MODULES = YES;
				CLANG_ENABLE_OBJC_ARC = YES;
				CLANG_ENABLE_OBJC_WEAK = YES;
				CLANG_WARN_BLOCK_CAPTURE_AUTORELEASING = YES;
				CLANG_WARN_BOOL_CONVERSION = YES;
				CLANG_WARN_COMMA = YES;
				CLANG_WARN_CONSTANT_CONVERSION = YES;
				CLANG_WARN_DEPRECATED_OBJC_IMPLEMENTATIONS = YES;
				CLANG_WARN_DIRECT_OBJC_ISA_USAGE = YES_ERROR;
				CLANG_WARN_DOCUMENTATION_COMMENTS = YES;
				CLANG_WARN_EMPTY_BODY = YES;
				CLANG_WARN_ENUM_CONVERSION = YES;
				CLANG_WARN_INFINITE_RECURSION = YES;
				CLANG_WARN_INT_CONVERSION = YES;
				CLANG_WARN_NON_LITERAL_NULL_CONVERSION = YES;
				CLANG_WARN_OBJC_IMPLICIT_RETAIN_SELF = YES;
				CLANG_WARN_OBJC_LITERAL_CONVERSION = YES;
				CLANG_WARN_OBJC_ROOT_CLASS = YES_ERROR;
				CLANG_WARN_QUOTED_INCLUDE_IN_FRAMEWORK_HEADER = YES;
				CLANG_WARN_RANGE_LOOP_ANALYSIS = YES;
				CLANG_WARN_STRICT_PROTOTYPES = YES;
				CLANG_WARN_SUSPICIOUS_MOVE = YES;
				CLANG_WARN_UNGUARDED_AVAILABILITY = YES_AGGRESSIVE;
				CLANG_WARN_UNREACHABLE_CODE = YES;
				CLANG_WARN__DUPLICATE_METHOD_MATCH = YES;
				COPY_PHASE_STRIP = NO;
				DEBUG_INFORMATION_FORMAT = "dwarf-with-dsym";
				ENABLE_NS_ASSERTIONS = NO;
				ENABLE_STRICT_OBJC_MSGSEND = YES;
				GCC_C_LANGUAGE_STANDARD = gnu11;
				GCC_NO_COMMON_BLOCKS = YES;
				GCC_WARN_64_TO_32_BIT_CONVERSION = YES;
				GCC_WARN_ABOUT_RETURN_TYPE = YES_ERROR;
				GCC_WARN_UNDECLARED_SELECTOR = YES;
				GCC_WARN_UNINITIALIZED_AUTOS = YES_AGGRESSIVE;
				GCC_WARN_UNUSED_FUNCTION = YES;
				GCC_WARN_UNUSED_VARIABLE = YES;
				IPHONEOS_DEPLOYMENT_TARGET = 13.4;
				MTL_ENABLE_DEBUG_INFO = NO;
				MTL_FAST_MATH = YES;
				SDKROOT = iphoneos;
				SWIFT_COMPILATION_MODE = wholemodule;
				SWIFT_OPTIMIZATION_LEVEL = "-O";
				VALIDATE_PRODUCT = YES;
			};
			name = Release;
		};
		354722A7256EB9A500E245ED /* Debug */ = {
			isa = XCBuildConfiguration;
			buildSettings = {
				ASSETCATALOG_COMPILER_APPICON_NAME = AppIcon;
				ASSETCATALOG_COMPILER_GLOBAL_ACCENT_COLOR_NAME = AccentColor;
				CODE_SIGN_STYLE = Automatic;
				DEVELOPMENT_TEAM = 459KM3MEZ9;
				INFOPLIST_FILE = SegmnetedProductsApp/Info.plist;
				IPHONEOS_DEPLOYMENT_TARGET = 13.4;
				LD_RUNPATH_SEARCH_PATHS = (
					"$(inherited)",
					"@executable_path/Frameworks",
				);
				PRODUCT_BUNDLE_IDENTIFIER = emad1972.SegmnetedProductsApp;
				PRODUCT_NAME = "$(TARGET_NAME)";
				SWIFT_VERSION = 5.0;
				TARGETED_DEVICE_FAMILY = "1,2";
			};
			name = Debug;
		};
		354722A8256EB9A500E245ED /* Release */ = {
			isa = XCBuildConfiguration;
			buildSettings = {
				ASSETCATALOG_COMPILER_APPICON_NAME = AppIcon;
				ASSETCATALOG_COMPILER_GLOBAL_ACCENT_COLOR_NAME = AccentColor;
				CODE_SIGN_STYLE = Automatic;
				DEVELOPMENT_TEAM = 459KM3MEZ9;
				INFOPLIST_FILE = SegmnetedProductsApp/Info.plist;
				IPHONEOS_DEPLOYMENT_TARGET = 13.4;
				LD_RUNPATH_SEARCH_PATHS = (
					"$(inherited)",
					"@executable_path/Frameworks",
				);
				PRODUCT_BUNDLE_IDENTIFIER = emad1972.SegmnetedProductsApp;
				PRODUCT_NAME = "$(TARGET_NAME)";
				SWIFT_VERSION = 5.0;
				TARGETED_DEVICE_FAMILY = "1,2";
			};
			name = Release;
		};
/* End XCBuildConfiguration section */

/* Begin XCConfigurationList section */
		3547228D256EB99D00E245ED /* Build configuration list for PBXProject "SegmnetedProductsApp" */ = {
			isa = XCConfigurationList;
			buildConfigurations = (
				354722A4256EB9A500E245ED /* Debug */,
				354722A5256EB9A500E245ED /* Release */,
			);
			defaultConfigurationIsVisible = 0;
			defaultConfigurationName = Release;
		};
		354722A6256EB9A500E245ED /* Build configuration list for PBXNativeTarget "SegmnetedProductsApp" */ = {
			isa = XCConfigurationList;
			buildConfigurations = (
				354722A7256EB9A500E245ED /* Debug */,
				354722A8256EB9A500E245ED /* Release */,
			);
			defaultConfigurationIsVisible = 0;
			defaultConfigurationName = Release;
		};
/* End XCConfigurationList section */
	};
	rootObject = 3547228A256EB99D00E245ED /* Project object */;
}
